
Microsoft Visual Studio Solution File, Format Version 12.00
# Visual Studio Version 17
Project("{2150E333-8FDC-42A3-9474-1A3956D46DE8}") = "CMakePredefinedTargets", "CMakePredefinedTargets", "{0A12A006-813C-35B1-8D67-4D270F018113}"
EndProject
Project("{2150E333-8FDC-42A3-9474-1A3956D46DE8}") = "External", "External", "{9DBE9B01-416B-340A-AD43-D69FC23DE978}"
EndProject
Project("{2150E333-8FDC-42A3-9474-1A3956D46DE8}") = "Internal", "Internal", "{CC2C8ABA-D60F-3825-86DF-A5F5EAABD0C6}"
EndProject
Project("{2150E333-8FDC-42A3-9474-1A3956D46DE8}") = "Utils", "Utils", "{42F9BFE3-CD5F-38AA-8DF9-648425F5F2AA}"
EndProject
Project("{8BC9CEB8-8B4A-11D0-8D11-00A0C91BC942}") = "ALL_BUILD", "ALL_BUILD.vcxproj", "{9756FBBA-562B-39EF-82B0-12120D834DB8}"
	ProjectSection(ProjectDependencies) = postProject
		{3CFE708F-C13A-39CC-90D5-B8DDDB702BF4} = {3CFE708F-C13A-39CC-90D5-B8DDDB702BF4}
		{0754AEE5-0050-321D-A675-55397E451C8B} = {0754AEE5-0050-321D-A675-55397E451C8B}
		{F371D347-E180-331B-972B-05B5814CBBBD} = {F371D347-E180-331B-972B-05B5814CBBBD}
		{FC5C1636-9A6D-38AF-BD57-B9976C7A8CF3} = {FC5C1636-9A6D-38AF-BD57-B9976C7A8CF3}
		{C3251913-6D42-3E42-A045-CECCE08CD16D} = {C3251913-6D42-3E42-A045-CECCE08CD16D}
		{71D13A70-F699-3BAE-802F-BE247257B6C8} = {71D13A70-F699-3BAE-802F-BE247257B6C8}
		{C52CD0FB-269D-3E01-810E-3B2FD590F32B} = {C52CD0FB-269D-3E01-810E-3B2FD590F32B}
		{AB45FFF4-BEFA-3714-A877-7D2AC4190561} = {AB45FFF4-BEFA-3714-A877-7D2AC4190561}
		{1AE0ECDC-B580-316E-892C-D2B727163BCA} = {1AE0ECDC-B580-316E-892C-D2B727163BCA}
		{5AE59851-13DE-378D-B95B-543E62B3B887} = {5AE59851-13DE-378D-B95B-543E62B3B887}
		{BCCD8593-39B1-39BC-993E-CC6FFD92D9D9} = {BCCD8593-39B1-39BC-993E-CC6FFD92D9D9}
		{914B567B-D9F0-3D56-B04B-53769E94C72E} = {914B567B-D9F0-3D56-B04B-53769E94C72E}
		{741500CC-6044-3DC7-B2D1-186B3A7988DE} = {741500CC-6044-3DC7-B2D1-186B3A7988DE}
		{CFC884F6-836D-34EE-8260-95A2CF8C2308} = {CFC884F6-836D-34EE-8260-95A2CF8C2308}
		{83042FA9-75AE-31F8-AF6E-E0C72BD3D996} = {83042FA9-75AE-31F8-AF6E-E0C72BD3D996}
	EndProjectSection
EndProject
Project("{8BC9CEB8-8B4A-11D0-8D11-00A0C91BC942}") = "NMMorris", "NMMorris.vcxproj", "{3CFE708F-C13A-39CC-90D5-B8DDDB702BF4}"
	ProjectSection(ProjectDependencies) = postProject
		{0754AEE5-0050-321D-A675-55397E451C8B} = {0754AEE5-0050-321D-A675-55397E451C8B}
		{F371D347-E180-331B-972B-05B5814CBBBD} = {F371D347-E180-331B-972B-05B5814CBBBD}
		{FC5C1636-9A6D-38AF-BD57-B9976C7A8CF3} = {FC5C1636-9A6D-38AF-BD57-B9976C7A8CF3}
		{C3251913-6D42-3E42-A045-CECCE08CD16D} = {C3251913-6D42-3E42-A045-CECCE08CD16D}
		{71D13A70-F699-3BAE-802F-BE247257B6C8} = {71D13A70-F699-3BAE-802F-BE247257B6C8}
		{C52CD0FB-269D-3E01-810E-3B2FD590F32B} = {C52CD0FB-269D-3E01-810E-3B2FD590F32B}
		{AB45FFF4-BEFA-3714-A877-7D2AC4190561} = {AB45FFF4-BEFA-3714-A877-7D2AC4190561}
		{1AE0ECDC-B580-316E-892C-D2B727163BCA} = {1AE0ECDC-B580-316E-892C-D2B727163BCA}
		{5AE59851-13DE-378D-B95B-543E62B3B887} = {5AE59851-13DE-378D-B95B-543E62B3B887}
		{BCCD8593-39B1-39BC-993E-CC6FFD92D9D9} = {BCCD8593-39B1-39BC-993E-CC6FFD92D9D9}
		{914B567B-D9F0-3D56-B04B-53769E94C72E} = {914B567B-D9F0-3D56-B04B-53769E94C72E}
		{741500CC-6044-3DC7-B2D1-186B3A7988DE} = {741500CC-6044-3DC7-B2D1-186B3A7988DE}
		{CFC884F6-836D-34EE-8260-95A2CF8C2308} = {CFC884F6-836D-34EE-8260-95A2CF8C2308}
		{83042FA9-75AE-31F8-AF6E-E0C72BD3D996} = {83042FA9-75AE-31F8-AF6E-E0C72BD3D996}
	EndProjectSection
EndProject
Project("{8BC9CEB8-8B4A-11D0-8D11-00A0C91BC942}") = "SYNC_RESOURCE-NMMorris", "SYNC_RESOURCE-NMMorris.vcxproj", "{0754AEE5-0050-321D-A675-55397E451C8B}"
	ProjectSection(ProjectDependencies) = postProject
		{F371D347-E180-331B-972B-05B5814CBBBD} = {F371D347-E180-331B-972B-05B5814CBBBD}
	EndProjectSection
EndProject
Project("{8BC9CEB8-8B4A-11D0-8D11-00A0C91BC942}") = "ZERO_CHECK", "ZERO_CHECK.vcxproj", "{F371D347-E180-331B-972B-05B5814CBBBD}"
	ProjectSection(ProjectDependencies) = postProject
	EndProjectSection
EndProject
Project("{8BC9CEB8-8B4A-11D0-8D11-00A0C91BC942}") = "cocos2d", "engine\cocos\core\cocos2d.vcxproj", "{FC5C1636-9A6D-38AF-BD57-B9976C7A8CF3}"
	ProjectSection(ProjectDependencies) = postProject
		{F371D347-E180-331B-972B-05B5814CBBBD} = {F371D347-E180-331B-972B-05B5814CBBBD}
		{C3251913-6D42-3E42-A045-CECCE08CD16D} = {C3251913-6D42-3E42-A045-CECCE08CD16D}
		{71D13A70-F699-3BAE-802F-BE247257B6C8} = {71D13A70-F699-3BAE-802F-BE247257B6C8}
		{C52CD0FB-269D-3E01-810E-3B2FD590F32B} = {C52CD0FB-269D-3E01-810E-3B2FD590F32B}
		{AB45FFF4-BEFA-3714-A877-7D2AC4190561} = {AB45FFF4-BEFA-3714-A877-7D2AC4190561}
		{1AE0ECDC-B580-316E-892C-D2B727163BCA} = {1AE0ECDC-B580-316E-892C-D2B727163BCA}
		{5AE59851-13DE-378D-B95B-543E62B3B887} = {5AE59851-13DE-378D-B95B-543E62B3B887}
		{BCCD8593-39B1-39BC-993E-CC6FFD92D9D9} = {BCCD8593-39B1-39BC-993E-CC6FFD92D9D9}
		{914B567B-D9F0-3D56-B04B-53769E94C72E} = {914B567B-D9F0-3D56-B04B-53769E94C72E}
		{741500CC-6044-3DC7-B2D1-186B3A7988DE} = {741500CC-6044-3DC7-B2D1-186B3A7988DE}
		{CFC884F6-836D-34EE-8260-95A2CF8C2308} = {CFC884F6-836D-34EE-8260-95A2CF8C2308}
		{83042FA9-75AE-31F8-AF6E-E0C72BD3D996} = {83042FA9-75AE-31F8-AF6E-E0C72BD3D996}
	EndProjectSection
EndProject
Project("{8BC9CEB8-8B4A-11D0-8D11-00A0C91BC942}") = "ext_clipper", "engine\external\clipper\ext_clipper.vcxproj", "{C3251913-6D42-3E42-A045-CECCE08CD16D}"
	ProjectSection(ProjectDependencies) = postProject
		{F371D347-E180-331B-972B-05B5814CBBBD} = {F371D347-E180-331B-972B-05B5814CBBBD}
	EndProjectSection
EndProject
Project("{8BC9CEB8-8B4A-11D0-8D11-00A0C91BC942}") = "ext_convertUTF", "engine\external\ConvertUTF\ext_convertUTF.vcxproj", "{71D13A70-F699-3BAE-802F-BE247257B6C8}"
	ProjectSection(ProjectDependencies) = postProject
		{F371D347-E180-331B-972B-05B5814CBBBD} = {F371D347-E180-331B-972B-05B5814CBBBD}
	EndProjectSection
EndProject
Project("{8BC9CEB8-8B4A-11D0-8D11-00A0C91BC942}") = "ext_edtaa3func", "engine\external\edtaa3func\ext_edtaa3func.vcxproj", "{C52CD0FB-269D-3E01-810E-3B2FD590F32B}"
	ProjectSection(ProjectDependencies) = postProject
		{F371D347-E180-331B-972B-05B5814CBBBD} = {F371D347-E180-331B-972B-05B5814CBBBD}
	EndProjectSection
EndProject
Project("{8BC9CEB8-8B4A-11D0-8D11-00A0C91BC942}") = "ext_md5", "engine\external\md5\ext_md5.vcxproj", "{AB45FFF4-BEFA-3714-A877-7D2AC4190561}"
	ProjectSection(ProjectDependencies) = postProject
		{F371D347-E180-331B-972B-05B5814CBBBD} = {F371D347-E180-331B-972B-05B5814CBBBD}
	EndProjectSection
EndProject
Project("{8BC9CEB8-8B4A-11D0-8D11-00A0C91BC942}") = "ext_poly2tri", "engine\external\poly2tri\ext_poly2tri.vcxproj", "{1AE0ECDC-B580-316E-892C-D2B727163BCA}"
	ProjectSection(ProjectDependencies) = postProject
		{F371D347-E180-331B-972B-05B5814CBBBD} = {F371D347-E180-331B-972B-05B5814CBBBD}
	EndProjectSection
EndProject
Project("{8BC9CEB8-8B4A-11D0-8D11-00A0C91BC942}") = "ext_recast", "engine\external\recast\ext_recast.vcxproj", "{5AE59851-13DE-378D-B95B-543E62B3B887}"
	ProjectSection(ProjectDependencies) = postProject
		{F371D347-E180-331B-972B-05B5814CBBBD} = {F371D347-E180-331B-972B-05B5814CBBBD}
	EndProjectSection
EndProject
Project("{8BC9CEB8-8B4A-11D0-8D11-00A0C91BC942}") = "ext_tinyxml2", "engine\external\tinyxml2\ext_tinyxml2.vcxproj", "{BCCD8593-39B1-39BC-993E-CC6FFD92D9D9}"
	ProjectSection(ProjectDependencies) = postProject
		{F371D347-E180-331B-972B-05B5814CBBBD} = {F371D347-E180-331B-972B-05B5814CBBBD}
	EndProjectSection
EndProject
Project("{8BC9CEB8-8B4A-11D0-8D11-00A0C91BC942}") = "ext_unzip", "engine\external\unzip\ext_unzip.vcxproj", "{914B567B-D9F0-3D56-B04B-53769E94C72E}"
	ProjectSection(ProjectDependencies) = postProject
		{F371D347-E180-331B-972B-05B5814CBBBD} = {F371D347-E180-331B-972B-05B5814CBBBD}
	EndProjectSection
EndProject
Project("{8BC9CEB8-8B4A-11D0-8D11-00A0C91BC942}") = "ext_xxhash", "engine\external\xxhash\ext_xxhash.vcxproj", "{741500CC-6044-3DC7-B2D1-186B3A7988DE}"
	ProjectSection(ProjectDependencies) = postProject
		{F371D347-E180-331B-972B-05B5814CBBBD} = {F371D347-E180-331B-972B-05B5814CBBBD}
	EndProjectSection
EndProject
Project("{8BC9CEB8-8B4A-11D0-8D11-00A0C91BC942}") = "ext_xxtea", "engine\external\xxtea\ext_xxtea.vcxproj", "{CFC884F6-836D-34EE-8260-95A2CF8C2308}"
	ProjectSection(ProjectDependencies) = postProject
		{F371D347-E180-331B-972B-05B5814CBBBD} = {F371D347-E180-331B-972B-05B5814CBBBD}
	EndProjectSection
EndProject
Project("{8BC9CEB8-8B4A-11D0-8D11-00A0C91BC942}") = "external", "engine\external\external.vcxproj", "{83042FA9-75AE-31F8-AF6E-E0C72BD3D996}"
	ProjectSection(ProjectDependencies) = postProject
		{F371D347-E180-331B-972B-05B5814CBBBD} = {F371D347-E180-331B-972B-05B5814CBBBD}
		{C3251913-6D42-3E42-A045-CECCE08CD16D} = {C3251913-6D42-3E42-A045-CECCE08CD16D}
		{71D13A70-F699-3BAE-802F-BE247257B6C8} = {71D13A70-F699-3BAE-802F-BE247257B6C8}
		{C52CD0FB-269D-3E01-810E-3B2FD590F32B} = {C52CD0FB-269D-3E01-810E-3B2FD590F32B}
		{AB45FFF4-BEFA-3714-A877-7D2AC4190561} = {AB45FFF4-BEFA-3714-A877-7D2AC4190561}
		{1AE0ECDC-B580-316E-892C-D2B727163BCA} = {1AE0ECDC-B580-316E-892C-D2B727163BCA}
		{5AE59851-13DE-378D-B95B-543E62B3B887} = {5AE59851-13DE-378D-B95B-543E62B3B887}
		{BCCD8593-39B1-39BC-993E-CC6FFD92D9D9} = {BCCD8593-39B1-39BC-993E-CC6FFD92D9D9}
		{914B567B-D9F0-3D56-B04B-53769E94C72E} = {914B567B-D9F0-3D56-B04B-53769E94C72E}
		{741500CC-6044-3DC7-B2D1-186B3A7988DE} = {741500CC-6044-3DC7-B2D1-186B3A7988DE}
		{CFC884F6-836D-34EE-8260-95A2CF8C2308} = {CFC884F6-836D-34EE-8260-95A2CF8C2308}
	EndProjectSection
EndProject
Global
	GlobalSection(SolutionConfigurationPlatforms) = preSolution
		Debug|Win32 = Debug|Win32
		Release|Win32 = Release|Win32
		MinSizeRel|Win32 = MinSizeRel|Win32
		RelWithDebInfo|Win32 = RelWithDebInfo|Win32
	EndGlobalSection
	GlobalSection(ProjectConfigurationPlatforms) = postSolution
		{9756FBBA-562B-39EF-82B0-12120D834DB8}.Debug|Win32.ActiveCfg = Debug|Win32
		{9756FBBA-562B-39EF-82B0-12120D834DB8}.Release|Win32.ActiveCfg = Release|Win32
		{9756FBBA-562B-39EF-82B0-12120D834DB8}.MinSizeRel|Win32.ActiveCfg = MinSizeRel|Win32
		{9756FBBA-562B-39EF-82B0-12120D834DB8}.RelWithDebInfo|Win32.ActiveCfg = RelWithDebInfo|Win32
		{3CFE708F-C13A-39CC-90D5-B8DDDB702BF4}.Debug|Win32.ActiveCfg = Debug|Win32
		{3CFE708F-C13A-39CC-90D5-B8DDDB702BF4}.Debug|Win32.Build.0 = Debug|Win32
		{3CFE708F-C13A-39CC-90D5-B8DDDB702BF4}.Release|Win32.ActiveCfg = Release|Win32
		{3CFE708F-C13A-39CC-90D5-B8DDDB702BF4}.Release|Win32.Build.0 = Release|Win32
		{3CFE708F-C13A-39CC-90D5-B8DDDB702BF4}.MinSizeRel|Win32.ActiveCfg = MinSizeRel|Win32
		{3CFE708F-C13A-39CC-90D5-B8DDDB702BF4}.MinSizeRel|Win32.Build.0 = MinSizeRel|Win32
		{3CFE708F-C13A-39CC-90D5-B8DDDB702BF4}.RelWithDebInfo|Win32.ActiveCfg = RelWithDebInfo|Win32
		{3CFE708F-C13A-39CC-90D5-B8DDDB702BF4}.RelWithDebInfo|Win32.Build.0 = RelWithDebInfo|Win32
		{0754AEE5-0050-321D-A675-55397E451C8B}.Debug|Win32.ActiveCfg = Debug|Win32
		{0754AEE5-0050-321D-A675-55397E451C8B}.Debug|Win32.Build.0 = Debug|Win32
		{0754AEE5-0050-321D-A675-55397E451C8B}.Release|Win32.ActiveCfg = Release|Win32
		{0754AEE5-0050-321D-A675-55397E451C8B}.Release|Win32.Build.0 = Release|Win32
		{0754AEE5-0050-321D-A675-55397E451C8B}.MinSizeRel|Win32.ActiveCfg = MinSizeRel|Win32
		{0754AEE5-0050-321D-A675-55397E451C8B}.MinSizeRel|Win32.Build.0 = MinSizeRel|Win32
		{0754AEE5-0050-321D-A675-55397E451C8B}.RelWithDebInfo|Win32.ActiveCfg = RelWithDebInfo|Win32
		{0754AEE5-0050-321D-A675-55397E451C8B}.RelWithDebInfo|Win32.Build.0 = RelWithDebInfo|Win32
		{F371D347-E180-331B-972B-05B5814CBBBD}.Debug|Win32.ActiveCfg = Debug|Win32
		{F371D347-E180-331B-972B-05B5814CBBBD}.Debug|Win32.Build.0 = Debug|Win32
		{F371D347-E180-331B-972B-05B5814CBBBD}.Release|Win32.ActiveCfg = Release|Win32
		{F371D347-E180-331B-972B-05B5814CBBBD}.Release|Win32.Build.0 = Release|Win32
		{F371D347-E180-331B-972B-05B5814CBBBD}.MinSizeRel|Win32.ActiveCfg = MinSizeRel|Win32
		{F371D347-E180-331B-972B-05B5814CBBBD}.MinSizeRel|Win32.Build.0 = MinSizeRel|Win32
		{F371D347-E180-331B-972B-05B5814CBBBD}.RelWithDebInfo|Win32.ActiveCfg = RelWithDebInfo|Win32
		{F371D347-E180-331B-972B-05B5814CBBBD}.RelWithDebInfo|Win32.Build.0 = RelWithDebInfo|Win32
		{FC5C1636-9A6D-38AF-BD57-B9976C7A8CF3}.Debug|Win32.ActiveCfg = Debug|Win32
		{FC5C1636-9A6D-38AF-BD57-B9976C7A8CF3}.Debug|Win32.Build.0 = Debug|Win32
		{FC5C1636-9A6D-38AF-BD57-B9976C7A8CF3}.Release|Win32.ActiveCfg = Release|Win32
		{FC5C1636-9A6D-38AF-BD57-B9976C7A8CF3}.Release|Win32.Build.0 = Release|Win32
		{FC5C1636-9A6D-38AF-BD57-B9976C7A8CF3}.MinSizeRel|Win32.ActiveCfg = MinSizeRel|Win32
		{FC5C1636-9A6D-38AF-BD57-B9976C7A8CF3}.MinSizeRel|Win32.Build.0 = MinSizeRel|Win32
		{FC5C1636-9A6D-38AF-BD57-B9976C7A8CF3}.RelWithDebInfo|Win32.ActiveCfg = RelWithDebInfo|Win32
		{FC5C1636-9A6D-38AF-BD57-B9976C7A8CF3}.RelWithDebInfo|Win32.Build.0 = RelWithDebInfo|Win32
		{C3251913-6D42-3E42-A045-CECCE08CD16D}.Debug|Win32.ActiveCfg = Debug|Win32
		{C3251913-6D42-3E42-A045-CECCE08CD16D}.Debug|Win32.Build.0 = Debug|Win32
		{C3251913-6D42-3E42-A045-CECCE08CD16D}.Release|Win32.ActiveCfg = Release|Win32
		{C3251913-6D42-3E42-A045-CECCE08CD16D}.Release|Win32.Build.0 = Release|Win32
		{C3251913-6D42-3E42-A045-CECCE08CD16D}.MinSizeRel|Win32.ActiveCfg = MinSizeRel|Win32
		{C3251913-6D42-3E42-A045-CECCE08CD16D}.MinSizeRel|Win32.Build.0 = MinSizeRel|Win32
		{C3251913-6D42-3E42-A045-CECCE08CD16D}.RelWithDebInfo|Win32.ActiveCfg = RelWithDebInfo|Win32
		{C3251913-6D42-3E42-A045-CECCE08CD16D}.RelWithDebInfo|Win32.Build.0 = RelWithDebInfo|Win32
		{71D13A70-F699-3BAE-802F-BE247257B6C8}.Debug|Win32.ActiveCfg = Debug|Win32
		{71D13A70-F699-3BAE-802F-BE247257B6C8}.Debug|Win32.Build.0 = Debug|Win32
		{71D13A70-F699-3BAE-802F-BE247257B6C8}.Release|Win32.ActiveCfg = Release|Win32
		{71D13A70-F699-3BAE-802F-BE247257B6C8}.Release|Win32.Build.0 = Release|Win32
		{71D13A70-F699-3BAE-802F-BE247257B6C8}.MinSizeRel|Win32.ActiveCfg = MinSizeRel|Win32
		{71D13A70-F699-3BAE-802F-BE247257B6C8}.MinSizeRel|Win32.Build.0 = MinSizeRel|Win32
		{71D13A70-F699-3BAE-802F-BE247257B6C8}.RelWithDebInfo|Win32.ActiveCfg = RelWithDebInfo|Win32
		{71D13A70-F699-3BAE-802F-BE247257B6C8}.RelWithDebInfo|Win32.Build.0 = RelWithDebInfo|Win32
		{C52CD0FB-269D-3E01-810E-3B2FD590F32B}.Debug|Win32.ActiveCfg = Debug|Win32
		{C52CD0FB-269D-3E01-810E-3B2FD590F32B}.Debug|Win32.Build.0 = Debug|Win32
		{C52CD0FB-269D-3E01-810E-3B2FD590F32B}.Release|Win32.ActiveCfg = Release|Win32
		{C52CD0FB-269D-3E01-810E-3B2FD590F32B}.Release|Win32.Build.0 = Release|Win32
		{C52CD0FB-269D-3E01-810E-3B2FD590F32B}.MinSizeRel|Win32.ActiveCfg = MinSizeRel|Win32
		{C52CD0FB-269D-3E01-810E-3B2FD590F32B}.MinSizeRel|Win32.Build.0 = MinSizeRel|Win32
		{C52CD0FB-269D-3E01-810E-3B2FD590F32B}.RelWithDebInfo|Win32.ActiveCfg = RelWithDebInfo|Win32
		{C52CD0FB-269D-3E01-810E-3B2FD590F32B}.RelWithDebInfo|Win32.Build.0 = RelWithDebInfo|Win32
		{AB45FFF4-BEFA-3714-A877-7D2AC4190561}.Debug|Win32.ActiveCfg = Debug|Win32
		{AB45FFF4-BEFA-3714-A877-7D2AC4190561}.Debug|Win32.Build.0 = Debug|Win32
		{AB45FFF4-BEFA-3714-A877-7D2AC4190561}.Release|Win32.ActiveCfg = Release|Win32
		{AB45FFF4-BEFA-3714-A877-7D2AC4190561}.Release|Win32.Build.0 = Release|Win32
		{AB45FFF4-BEFA-3714-A877-7D2AC4190561}.MinSizeRel|Win32.ActiveCfg = MinSizeRel|Win32
		{AB45FFF4-BEFA-3714-A877-7D2AC4190561}.MinSizeRel|Win32.Build.0 = MinSizeRel|Win32
		{AB45FFF4-BEFA-3714-A877-7D2AC4190561}.RelWithDebInfo|Win32.ActiveCfg = RelWithDebInfo|Win32
		{AB45FFF4-BEFA-3714-A877-7D2AC4190561}.RelWithDebInfo|Win32.Build.0 = RelWithDebInfo|Win32
		{1AE0ECDC-B580-316E-892C-D2B727163BCA}.Debug|Win32.ActiveCfg = Debug|Win32
		{1AE0ECDC-B580-316E-892C-D2B727163BCA}.Debug|Win32.Build.0 = Debug|Win32
		{1AE0ECDC-B580-316E-892C-D2B727163BCA}.Release|Win32.ActiveCfg = Release|Win32
		{1AE0ECDC-B580-316E-892C-D2B727163BCA}.Release|Win32.Build.0 = Release|Win32
		{1AE0ECDC-B580-316E-892C-D2B727163BCA}.MinSizeRel|Win32.ActiveCfg = MinSizeRel|Win32
		{1AE0ECDC-B580-316E-892C-D2B727163BCA}.MinSizeRel|Win32.Build.0 = MinSizeRel|Win32
		{1AE0ECDC-B580-316E-892C-D2B727163BCA}.RelWithDebInfo|Win32.ActiveCfg = RelWithDebInfo|Win32
		{1AE0ECDC-B580-316E-892C-D2B727163BCA}.RelWithDebInfo|Win32.Build.0 = RelWithDebInfo|Win32
		{5AE59851-13DE-378D-B95B-543E62B3B887}.Debug|Win32.ActiveCfg = Debug|Win32
		{5AE59851-13DE-378D-B95B-543E62B3B887}.Debug|Win32.Build.0 = Debug|Win32
		{5AE59851-13DE-378D-B95B-543E62B3B887}.Release|Win32.ActiveCfg = Release|Win32
		{5AE59851-13DE-378D-B95B-543E62B3B887}.Release|Win32.Build.0 = Release|Win32
		{5AE59851-13DE-378D-B95B-543E62B3B887}.MinSizeRel|Win32.ActiveCfg = MinSizeRel|Win32
		{5AE59851-13DE-378D-B95B-543E62B3B887}.MinSizeRel|Win32.Build.0 = MinSizeRel|Win32
		{5AE59851-13DE-378D-B95B-543E62B3B887}.RelWithDebInfo|Win32.ActiveCfg = RelWithDebInfo|Win32
		{5AE59851-13DE-378D-B95B-543E62B3B887}.RelWithDebInfo|Win32.Build.0 = RelWithDebInfo|Win32
		{BCCD8593-39B1-39BC-993E-CC6FFD92D9D9}.Debug|Win32.ActiveCfg = Debug|Win32
		{BCCD8593-39B1-39BC-993E-CC6FFD92D9D9}.Debug|Win32.Build.0 = Debug|Win32
		{BCCD8593-39B1-39BC-993E-CC6FFD92D9D9}.Release|Win32.ActiveCfg = Release|Win32
		{BCCD8593-39B1-39BC-993E-CC6FFD92D9D9}.Release|Win32.Build.0 = Release|Win32
		{BCCD8593-39B1-39BC-993E-CC6FFD92D9D9}.MinSizeRel|Win32.ActiveCfg = MinSizeRel|Win32
		{BCCD8593-39B1-39BC-993E-CC6FFD92D9D9}.MinSizeRel|Win32.Build.0 = MinSizeRel|Win32
		{BCCD8593-39B1-39BC-993E-CC6FFD92D9D9}.RelWithDebInfo|Win32.ActiveCfg = RelWithDebInfo|Win32
		{BCCD8593-39B1-39BC-993E-CC6FFD92D9D9}.RelWithDebInfo|Win32.Build.0 = RelWithDebInfo|Win32
		{914B567B-D9F0-3D56-B04B-53769E94C72E}.Debug|Win32.ActiveCfg = Debug|Win32
		{914B567B-D9F0-3D56-B04B-53769E94C72E}.Debug|Win32.Build.0 = Debug|Win32
		{914B567B-D9F0-3D56-B04B-53769E94C72E}.Release|Win32.ActiveCfg = Release|Win32
		{914B567B-D9F0-3D56-B04B-53769E94C72E}.Release|Win32.Build.0 = Release|Win32
		{914B567B-D9F0-3D56-B04B-53769E94C72E}.MinSizeRel|Win32.ActiveCfg = MinSizeRel|Win32
		{914B567B-D9F0-3D56-B04B-53769E94C72E}.MinSizeRel|Win32.Build.0 = MinSizeRel|Win32
		{914B567B-D9F0-3D56-B04B-53769E94C72E}.RelWithDebInfo|Win32.ActiveCfg = RelWithDebInfo|Win32
		{914B567B-D9F0-3D56-B04B-53769E94C72E}.RelWithDebInfo|Win32.Build.0 = RelWithDebInfo|Win32
		{741500CC-6044-3DC7-B2D1-186B3A7988DE}.Debug|Win32.ActiveCfg = Debug|Win32
		{741500CC-6044-3DC7-B2D1-186B3A7988DE}.Debug|Win32.Build.0 = Debug|Win32
		{741500CC-6044-3DC7-B2D1-186B3A7988DE}.Release|Win32.ActiveCfg = Release|Win32
		{741500CC-6044-3DC7-B2D1-186B3A7988DE}.Release|Win32.Build.0 = Release|Win32
		{741500CC-6044-3DC7-B2D1-186B3A7988DE}.MinSizeRel|Win32.ActiveCfg = MinSizeRel|Win32
		{741500CC-6044-3DC7-B2D1-186B3A7988DE}.MinSizeRel|Win32.Build.0 = MinSizeRel|Win32
		{741500CC-6044-3DC7-B2D1-186B3A7988DE}.RelWithDebInfo|Win32.ActiveCfg = RelWithDebInfo|Win32
		{741500CC-6044-3DC7-B2D1-186B3A7988DE}.RelWithDebInfo|Win32.Build.0 = RelWithDebInfo|Win32
		{CFC884F6-836D-34EE-8260-95A2CF8C2308}.Debug|Win32.ActiveCfg = Debug|Win32
		{CFC884F6-836D-34EE-8260-95A2CF8C2308}.Debug|Win32.Build.0 = Debug|Win32
		{CFC884F6-836D-34EE-8260-95A2CF8C2308}.Release|Win32.ActiveCfg = Release|Win32
		{CFC884F6-836D-34EE-8260-95A2CF8C2308}.Release|Win32.Build.0 = Release|Win32
		{CFC884F6-836D-34EE-8260-95A2CF8C2308}.MinSizeRel|Win32.ActiveCfg = MinSizeRel|Win32
		{CFC884F6-836D-34EE-8260-95A2CF8C2308}.MinSizeRel|Win32.Build.0 = MinSizeRel|Win32
		{CFC884F6-836D-34EE-8260-95A2CF8C2308}.RelWithDebInfo|Win32.ActiveCfg = RelWithDebInfo|Win32
		{CFC884F6-836D-34EE-8260-95A2CF8C2308}.RelWithDebInfo|Win32.Build.0 = RelWithDebInfo|Win32
		{83042FA9-75AE-31F8-AF6E-E0C72BD3D996}.Debug|Win32.ActiveCfg = Debug|Win32
		{83042FA9-75AE-31F8-AF6E-E0C72BD3D996}.Debug|Win32.Build.0 = Debug|Win32
		{83042FA9-75AE-31F8-AF6E-E0C72BD3D996}.Release|Win32.ActiveCfg = Release|Win32
		{83042FA9-75AE-31F8-AF6E-E0C72BD3D996}.Release|Win32.Build.0 = Release|Win32
		{83042FA9-75AE-31F8-AF6E-E0C72BD3D996}.MinSizeRel|Win32.ActiveCfg = MinSizeRel|Win32
		{83042FA9-75AE-31F8-AF6E-E0C72BD3D996}.MinSizeRel|Win32.Build.0 = MinSizeRel|Win32
		{83042FA9-75AE-31F8-AF6E-E0C72BD3D996}.RelWithDebInfo|Win32.ActiveCfg = RelWithDebInfo|Win32
		{83042FA9-75AE-31F8-AF6E-E0C72BD3D996}.RelWithDebInfo|Win32.Build.0 = RelWithDebInfo|Win32
	EndGlobalSection
	GlobalSection(NestedProjects) = preSolution
		{9756FBBA-562B-39EF-82B0-12120D834DB8} = {0A12A006-813C-35B1-8D67-4D270F018113}
		{F371D347-E180-331B-972B-05B5814CBBBD} = {0A12A006-813C-35B1-8D67-4D270F018113}
		{C3251913-6D42-3E42-A045-CECCE08CD16D} = {9DBE9B01-416B-340A-AD43-D69FC23DE978}
		{71D13A70-F699-3BAE-802F-BE247257B6C8} = {9DBE9B01-416B-340A-AD43-D69FC23DE978}
		{C52CD0FB-269D-3E01-810E-3B2FD590F32B} = {9DBE9B01-416B-340A-AD43-D69FC23DE978}
		{AB45FFF4-BEFA-3714-A877-7D2AC4190561} = {9DBE9B01-416B-340A-AD43-D69FC23DE978}
		{1AE0ECDC-B580-316E-892C-D2B727163BCA} = {9DBE9B01-416B-340A-AD43-D69FC23DE978}
		{5AE59851-13DE-378D-B95B-543E62B3B887} = {9DBE9B01-416B-340A-AD43-D69FC23DE978}
		{BCCD8593-39B1-39BC-993E-CC6FFD92D9D9} = {9DBE9B01-416B-340A-AD43-D69FC23DE978}
		{914B567B-D9F0-3D56-B04B-53769E94C72E} = {9DBE9B01-416B-340A-AD43-D69FC23DE978}
		{741500CC-6044-3DC7-B2D1-186B3A7988DE} = {9DBE9B01-416B-340A-AD43-D69FC23DE978}
		{CFC884F6-836D-34EE-8260-95A2CF8C2308} = {9DBE9B01-416B-340A-AD43-D69FC23DE978}
		{83042FA9-75AE-31F8-AF6E-E0C72BD3D996} = {9DBE9B01-416B-340A-AD43-D69FC23DE978}
		{FC5C1636-9A6D-38AF-BD57-B9976C7A8CF3} = {CC2C8ABA-D60F-3825-86DF-A5F5EAABD0C6}
		{0754AEE5-0050-321D-A675-55397E451C8B} = {42F9BFE3-CD5F-38AA-8DF9-648425F5F2AA}
	EndGlobalSection
	GlobalSection(ExtensibilityGlobals) = postSolution
		SolutionGuid = {224F4D51-9872-3D24-AF49-24EB4B3D7A19}
	EndGlobalSection
	GlobalSection(ExtensibilityAddIns) = postSolution
	EndGlobalSection
EndGlobal
